
Microsoft Visual Studio Solution File, Format Version 12.00
# Visual Studio Version 16
VisualStudioVersion = 16.0.28729.10
MinimumVisualStudioVersion = 10.0.40219.1
Project("{9A19103F-16F7-4668-BE54-9A1E7A4F7556}") = "WaaS.Infrastructure", "WaaS\WaaS.Infrastructure\WaaS.Infrastructure.csproj", "{349A713A-E34F-427E-B919-B3F71E50C200}"
	ProjectSection(ProjectDependencies) = postProject
		{2A042551-8667-4F2E-AEB3-E6B9063D0690} = {2A042551-8667-4F2E-AEB3-E6B9063D0690}
	EndProjectSection
EndProject
Project("{9A19103F-16F7-4668-BE54-9A1E7A4F7556}") = "WaaS.Presentation", "WaaS\WaaS.Presentation\WaaS.Presentation.csproj", "{3F41CB99-B797-4E88-93E2-799D89F76F7A}"
	ProjectSection(ProjectDependencies) = postProject
		{349A713A-E34F-427E-B919-B3F71E50C200} = {349A713A-E34F-427E-B919-B3F71E50C200}
	EndProjectSection
EndProject
Project("{9A19103F-16F7-4668-BE54-9A1E7A4F7556}") = "WaaS.Business", "WaaS\WaaS.Business\WaaS.Business.csproj", "{2A042551-8667-4F2E-AEB3-E6B9063D0690}"
EndProject
Project("{9A19103F-16F7-4668-BE54-9A1E7A4F7556}") = "WaaS.Business.Tests", "WaaS\WaaS.Business.Tests\WaaS.Business.Tests.csproj", "{BDCD6D9F-B212-4786-85CC-E818437C4FAE}"
EndProject
Project("{9A19103F-16F7-4668-BE54-9A1E7A4F7556}") = "WaaS.Infrastructure.Tests", "WaaS\WaaS.Infrastructure.Tests\WaaS.Infrastructure.Tests.csproj", "{AA14AF2A-873B-40AD-A764-31B1F392437F}"
	ProjectSection(ProjectDependencies) = postProject
		{349A713A-E34F-427E-B919-B3F71E50C200} = {349A713A-E34F-427E-B919-B3F71E50C200}
	EndProjectSection
EndProject
Project("{9A19103F-16F7-4668-BE54-9A1E7A4F7556}") = "WaaS.Presentation.Tests", "WaaS\WaaS.Presentation.Tests\WaaS.Presentation.Tests.csproj", "{E72348F4-FED7-4A61-A6E2-1976F2D315CF}"
	ProjectSection(ProjectDependencies) = postProject
		{3F41CB99-B797-4E88-93E2-799D89F76F7A} = {3F41CB99-B797-4E88-93E2-799D89F76F7A}
	EndProjectSection
EndProject
Project("{2150E333-8FDC-42A3-9474-1A3956D46DE8}") = "Presentation", "Presentation", "{04461C7A-D39A-4728-90CF-860EAB15F55A}"
EndProject
Project("{2150E333-8FDC-42A3-9474-1A3956D46DE8}") = "Business", "Business", "{5AB9F877-9CC6-4A4A-AFDE-63B63A6CC10B}"
EndProject
Project("{2150E333-8FDC-42A3-9474-1A3956D46DE8}") = "Infrastructure", "Infrastructure", "{77A8D588-B212-47D1-B080-64EA7F2BFC0F}"
EndProject
Project("{2150E333-8FDC-42A3-9474-1A3956D46DE8}") = "Solution Items", "Solution Items", "{BCE51E30-AD25-4E45-9D0F-85C8C3876471}"
	ProjectSection(SolutionItems) = preProject
		DropAllTables.sql = DropAllTables.sql
	EndProjectSection
EndProject
Project("{FAE04EC0-301F-11D3-BF4B-00C04F79EFBC}") = "WaaS.Infrastructure.SendGridMail", "WaaS\WaaS.Infrastructure.SendGridMail\WaaS.Infrastructure.SendGridMail.csproj", "{B47EED3F-E382-4487-9DFF-3359EDD82E1E}"
EndProject
Global
	GlobalSection(SolutionConfigurationPlatforms) = preSolution
		Debug|Any CPU = Debug|Any CPU
		Release|Any CPU = Release|Any CPU
	EndGlobalSection
	GlobalSection(ProjectConfigurationPlatforms) = postSolution
		{349A713A-E34F-427E-B919-B3F71E50C200}.Debug|Any CPU.ActiveCfg = Debug|Any CPU
		{349A713A-E34F-427E-B919-B3F71E50C200}.Debug|Any CPU.Build.0 = Debug|Any CPU
		{349A713A-E34F-427E-B919-B3F71E50C200}.Release|Any CPU.ActiveCfg = Release|Any CPU
		{349A713A-E34F-427E-B919-B3F71E50C200}.Release|Any CPU.Build.0 = Release|Any CPU
		{3F41CB99-B797-4E88-93E2-799D89F76F7A}.Debug|Any CPU.ActiveCfg = Debug|Any CPU
		{3F41CB99-B797-4E88-93E2-799D89F76F7A}.Debug|Any CPU.Build.0 = Debug|Any CPU
		{3F41CB99-B797-4E88-93E2-799D89F76F7A}.Release|Any CPU.ActiveCfg = Release|Any CPU
		{3F41CB99-B797-4E88-93E2-799D89F76F7A}.Release|Any CPU.Build.0 = Release|Any CPU
		{2A042551-8667-4F2E-AEB3-E6B9063D0690}.Debug|Any CPU.ActiveCfg = Debug|Any CPU
		{2A042551-8667-4F2E-AEB3-E6B9063D0690}.Debug|Any CPU.Build.0 = Debug|Any CPU
		{2A042551-8667-4F2E-AEB3-E6B9063D0690}.Release|Any CPU.ActiveCfg = Release|Any CPU
		{2A042551-8667-4F2E-AEB3-E6B9063D0690}.Release|Any CPU.Build.0 = Release|Any CPU
		{BDCD6D9F-B212-4786-85CC-E818437C4FAE}.Debug|Any CPU.ActiveCfg = Debug|Any CPU
		{BDCD6D9F-B212-4786-85CC-E818437C4FAE}.Debug|Any CPU.Build.0 = Debug|Any CPU
		{BDCD6D9F-B212-4786-85CC-E818437C4FAE}.Release|Any CPU.ActiveCfg = Release|Any CPU
		{BDCD6D9F-B212-4786-85CC-E818437C4FAE}.Release|Any CPU.Build.0 = Release|Any CPU
		{AA14AF2A-873B-40AD-A764-31B1F392437F}.Debug|Any CPU.ActiveCfg = Debug|Any CPU
		{AA14AF2A-873B-40AD-A764-31B1F392437F}.Debug|Any CPU.Build.0 = Debug|Any CPU
		{AA14AF2A-873B-40AD-A764-31B1F392437F}.Release|Any CPU.ActiveCfg = Release|Any CPU
		{AA14AF2A-873B-40AD-A764-31B1F392437F}.Release|Any CPU.Build.0 = Release|Any CPU
		{E72348F4-FED7-4A61-A6E2-1976F2D315CF}.Debug|Any CPU.ActiveCfg = Debug|Any CPU
		{E72348F4-FED7-4A61-A6E2-1976F2D315CF}.Debug|Any CPU.Build.0 = Debug|Any CPU
		{E72348F4-FED7-4A61-A6E2-1976F2D315CF}.Release|Any CPU.ActiveCfg = Release|Any CPU
		{E72348F4-FED7-4A61-A6E2-1976F2D315CF}.Release|Any CPU.Build.0 = Release|Any CPU
		{B47EED3F-E382-4487-9DFF-3359EDD82E1E}.Debug|Any CPU.ActiveCfg = Debug|Any CPU
		{B47EED3F-E382-4487-9DFF-3359EDD82E1E}.Debug|Any CPU.Build.0 = Debug|Any CPU
		{B47EED3F-E382-4487-9DFF-3359EDD82E1E}.Release|Any CPU.ActiveCfg = Release|Any CPU
		{B47EED3F-E382-4487-9DFF-3359EDD82E1E}.Release|Any CPU.Build.0 = Release|Any CPU
	EndGlobalSection
	GlobalSection(SolutionProperties) = preSolution
		HideSolutionNode = FALSE
	EndGlobalSection
	GlobalSection(NestedProjects) = preSolution
		{349A713A-E34F-427E-B919-B3F71E50C200} = {77A8D588-B212-47D1-B080-64EA7F2BFC0F}
		{3F41CB99-B797-4E88-93E2-799D89F76F7A} = {04461C7A-D39A-4728-90CF-860EAB15F55A}
		{2A042551-8667-4F2E-AEB3-E6B9063D0690} = {5AB9F877-9CC6-4A4A-AFDE-63B63A6CC10B}
		{BDCD6D9F-B212-4786-85CC-E818437C4FAE} = {5AB9F877-9CC6-4A4A-AFDE-63B63A6CC10B}
		{AA14AF2A-873B-40AD-A764-31B1F392437F} = {77A8D588-B212-47D1-B080-64EA7F2BFC0F}
		{E72348F4-FED7-4A61-A6E2-1976F2D315CF} = {04461C7A-D39A-4728-90CF-860EAB15F55A}
		{B47EED3F-E382-4487-9DFF-3359EDD82E1E} = {77A8D588-B212-47D1-B080-64EA7F2BFC0F}
	EndGlobalSection
	GlobalSection(ExtensibilityGlobals) = postSolution
		SolutionGuid = {E92A88C0-9C01-4DEA-A555-F29706C8C815}
	EndGlobalSection
EndGlobal
