
Microsoft Visual Studio Solution File, Format Version 12.00
# Visual Studio 15
VisualStudioVersion = 15.0.28307.421
MinimumVisualStudioVersion = 10.0.40219.1
Project("{9A19103F-16F7-4668-BE54-9A1E7A4F7556}") = "WaaS.Infrastructure", "WaaS\WaaS.Infrastructure\WaaS.Infrastructure.csproj", "{349A713A-E34F-427E-B919-B3F71E50C200}"
	ProjectSection(ProjectDependencies) = postProject
		{8704F87A-374D-4439-BFAE-6BD36D16FC5E} = {8704F87A-374D-4439-BFAE-6BD36D16FC5E}
	EndProjectSection
EndProject
Project("{9A19103F-16F7-4668-BE54-9A1E7A4F7556}") = "WaaS.Presentation", "WaaS\WaaS.Presentation\WaaS.Presentation.csproj", "{3F41CB99-B797-4E88-93E2-799D89F76F7A}"
	ProjectSection(ProjectDependencies) = postProject
		{349A713A-E34F-427E-B919-B3F71E50C200} = {349A713A-E34F-427E-B919-B3F71E50C200}
	EndProjectSection
EndProject
Project("{9A19103F-16F7-4668-BE54-9A1E7A4F7556}") = "WaaS.Business", "WaaS\WaaS.Business\WaaS.Business.csproj", "{8704F87A-374D-4439-BFAE-6BD36D16FC5E}"
EndProject
Global
	GlobalSection(SolutionConfigurationPlatforms) = preSolution
		Debug|Any CPU = Debug|Any CPU
		Release|Any CPU = Release|Any CPU
	EndGlobalSection
	GlobalSection(ProjectConfigurationPlatforms) = postSolution
		{349A713A-E34F-427E-B919-B3F71E50C200}.Debug|Any CPU.ActiveCfg = Debug|Any CPU
		{349A713A-E34F-427E-B919-B3F71E50C200}.Debug|Any CPU.Build.0 = Debug|Any CPU
		{349A713A-E34F-427E-B919-B3F71E50C200}.Release|Any CPU.ActiveCfg = Release|Any CPU
		{349A713A-E34F-427E-B919-B3F71E50C200}.Release|Any CPU.Build.0 = Release|Any CPU
		{3F41CB99-B797-4E88-93E2-799D89F76F7A}.Debug|Any CPU.ActiveCfg = Debug|Any CPU
		{3F41CB99-B797-4E88-93E2-799D89F76F7A}.Debug|Any CPU.Build.0 = Debug|Any CPU
		{3F41CB99-B797-4E88-93E2-799D89F76F7A}.Release|Any CPU.ActiveCfg = Release|Any CPU
		{3F41CB99-B797-4E88-93E2-799D89F76F7A}.Release|Any CPU.Build.0 = Release|Any CPU
		{8704F87A-374D-4439-BFAE-6BD36D16FC5E}.Debug|Any CPU.ActiveCfg = Debug|Any CPU
		{8704F87A-374D-4439-BFAE-6BD36D16FC5E}.Debug|Any CPU.Build.0 = Debug|Any CPU
		{8704F87A-374D-4439-BFAE-6BD36D16FC5E}.Release|Any CPU.ActiveCfg = Release|Any CPU
		{8704F87A-374D-4439-BFAE-6BD36D16FC5E}.Release|Any CPU.Build.0 = Release|Any CPU
	EndGlobalSection
	GlobalSection(SolutionProperties) = preSolution
		HideSolutionNode = FALSE
	EndGlobalSection
	GlobalSection(ExtensibilityGlobals) = postSolution
		SolutionGuid = {E92A88C0-9C01-4DEA-A555-F29706C8C815}
	EndGlobalSection
EndGlobal
